
Microsoft Visual Studio Solution File, Format Version 12.00
# Visual Studio Version 17
VisualStudioVersion = 17.0.31903.59
MinimumVisualStudioVersion = 10.0.40219.1
Project("{FAE04EC0-301F-11D3-BF4B-00C04F79EFBC}") = "Generators", "Generators\Generators.csproj", "{CDB69DB6-1AE5-4A47-8D86-CB9E9BFDA9C8}"
EndProject
Project("{FAE04EC0-301F-11D3-BF4B-00C04F79EFBC}") = "Tools", "Tools\Tools.csproj", "{3CAE86C4-2EFA-4D5D-BCF1-691E98B4D020}"
EndProject
Project("{FAE04EC0-301F-11D3-BF4B-00C04F79EFBC}") = "AppConfigs", "AppConfigs\AppConfigs.csproj", "{23ECA87A-E9A0-4927-BA7D-D6F15EC22631}"
EndProject
Project("{FAE04EC0-301F-11D3-BF4B-00C04F79EFBC}") = "AppApi", "AppApi\AppApi.csproj", "{A8333FB4-CEC1-46BA-922F-79F905558752}"
EndProject
Project("{FAE04EC0-301F-11D3-BF4B-00C04F79EFBC}") = "AppBootstrap", "AppBootstrap\AppBootstrap.csproj", "{F3B28709-40BF-4C38-9B23-858114B4D631}"
EndProject
Global
	GlobalSection(SolutionConfigurationPlatforms) = preSolution
		Debug|Any CPU = Debug|Any CPU
		Release|Any CPU = Release|Any CPU
	EndGlobalSection
	GlobalSection(ProjectConfigurationPlatforms) = postSolution
		{CDB69DB6-1AE5-4A47-8D86-CB9E9BFDA9C8}.Debug|Any CPU.ActiveCfg = Debug|Any CPU
		{CDB69DB6-1AE5-4A47-8D86-CB9E9BFDA9C8}.Debug|Any CPU.Build.0 = Debug|Any CPU
		{CDB69DB6-1AE5-4A47-8D86-CB9E9BFDA9C8}.Release|Any CPU.ActiveCfg = Release|Any CPU
		{CDB69DB6-1AE5-4A47-8D86-CB9E9BFDA9C8}.Release|Any CPU.Build.0 = Release|Any CPU
		{3CAE86C4-2EFA-4D5D-BCF1-691E98B4D020}.Debug|Any CPU.ActiveCfg = Debug|Any CPU
		{3CAE86C4-2EFA-4D5D-BCF1-691E98B4D020}.Debug|Any CPU.Build.0 = Debug|Any CPU
		{3CAE86C4-2EFA-4D5D-BCF1-691E98B4D020}.Release|Any CPU.ActiveCfg = Release|Any CPU
		{3CAE86C4-2EFA-4D5D-BCF1-691E98B4D020}.Release|Any CPU.Build.0 = Release|Any CPU
		{23ECA87A-E9A0-4927-BA7D-D6F15EC22631}.Debug|Any CPU.ActiveCfg = Debug|Any CPU
		{23ECA87A-E9A0-4927-BA7D-D6F15EC22631}.Debug|Any CPU.Build.0 = Debug|Any CPU
		{23ECA87A-E9A0-4927-BA7D-D6F15EC22631}.Release|Any CPU.ActiveCfg = Release|Any CPU
		{23ECA87A-E9A0-4927-BA7D-D6F15EC22631}.Release|Any CPU.Build.0 = Release|Any CPU
		{A8333FB4-CEC1-46BA-922F-79F905558752}.Debug|Any CPU.ActiveCfg = Debug|Any CPU
		{A8333FB4-CEC1-46BA-922F-79F905558752}.Debug|Any CPU.Build.0 = Debug|Any CPU
		{A8333FB4-CEC1-46BA-922F-79F905558752}.Release|Any CPU.ActiveCfg = Release|Any CPU
		{A8333FB4-CEC1-46BA-922F-79F905558752}.Release|Any CPU.Build.0 = Release|Any CPU
		{F3B28709-40BF-4C38-9B23-858114B4D631}.Debug|Any CPU.ActiveCfg = Debug|Any CPU
		{F3B28709-40BF-4C38-9B23-858114B4D631}.Debug|Any CPU.Build.0 = Debug|Any CPU
		{F3B28709-40BF-4C38-9B23-858114B4D631}.Release|Any CPU.ActiveCfg = Release|Any CPU
		{F3B28709-40BF-4C38-9B23-858114B4D631}.Release|Any CPU.Build.0 = Release|Any CPU
	EndGlobalSection
	GlobalSection(SolutionProperties) = preSolution
		HideSolutionNode = FALSE
	EndGlobalSection
	GlobalSection(ExtensibilityGlobals) = postSolution
		SolutionGuid = {2C7EDED4-3CD5-4E8D-BAF1-340D06FAAF37}
	EndGlobalSection
EndGlobal
